{
  "version": 2,
  "dependencies": {
    "net7.0": {
      "Microsoft.Extensions.ApiDescription.Client": {
        "type": "Direct",
        "requested": "[7.0.2, )",
        "resolved": "7.0.2",
        "contentHash": "gSObdZ5LVFpgkdY8Tt1RzVD+8Xd7SN95ePuPiceAZbRL/EHZzAVTiH2sNsRwHcuMBu7nlTpeMDUjJDUCQuvK0A=="
      },
      "Newtonsoft.Json": {
        "type": "Direct",
        "requested": "[13.0.1, )",
        "resolved": "13.0.1",
        "contentHash": "ppPFpBcvxdsfUonNcvITKqLl3bqxWbDCZIzDWHzjpdAHRFfZe0Dw9HmA0+za13IdyrgJwpkDTDA9fHaxOrt20A=="
      },
      "NSwag.ApiDescription.Client": {
        "type": "Direct",
        "requested": "[13.18.2, )",
        "resolved": "13.18.2",
        "contentHash": "uViMdjUscfeqrlDY4q9O2a0t2cMqsOx1kdX9WLyQjTXea1xjAHgQFCYlgE6ibwkYcUDJDlwEYUzvsJelL6SY3g==",
        "dependencies": {
          "Microsoft.Extensions.ApiDescription.Client": "6.0.3",
          "NSwag.MSBuild": "13.18.2"
        }
      },
      "NSwag.MSBuild": {
        "type": "Transitive",
        "resolved": "13.18.2",
        "contentHash": "SRQ3mONkfbJWhZxA1yOFMJMXavUvnXwcoYU23qoVqSEY2G+y8jZuq9ErWm76JT0Kn5/Ml5UhG1FWmLhkqd4/+A=="
      }
    }
  }
}