
Microsoft Visual Studio Solution File, Format Version 12.00
# Visual Studio Version 17
VisualStudioVersion = 17.0.31903.59
MinimumVisualStudioVersion = 10.0.40219.1
Project("{2150E333-8FDC-42A3-9474-1A3956D46DE8}") = "Solution Items", "Solution Items", "{F0B10EB8-3CF5-4082-8909-91959F7936F1}"
	ProjectSection(SolutionItems) = preProject
		.editorconfig = .editorconfig
		Directory.Build.props = Directory.Build.props
		Directory.Packages.props = Directory.Packages.props
		global.json = global.json
	EndProjectSection
EndProject
Project("{2150E333-8FDC-42A3-9474-1A3956D46DE8}") = "src", "src", "{33771233-A049-4FD4-A072-EC156004B0D8}"
EndProject
Project("{2150E333-8FDC-42A3-9474-1A3956D46DE8}") = "tests", "tests", "{DEF10A57-6CA5-4542-9051-D8329CA4EF3D}"
EndProject
Project("{9A19103F-16F7-4668-BE54-9A1E7A4F7556}") = "WebApi", "src\WebApi\WebApi.csproj", "{5FB51CA2-0843-4253-9DB5-8F04087C064E}"
EndProject
Project("{9A19103F-16F7-4668-BE54-9A1E7A4F7556}") = "WebApp", "src\WebApp\WebApp.csproj", "{4761BDB8-3DB1-4666-A00B-7066EF2FC139}"
EndProject
Project("{E53339B2-1760-4266-BCC7-CA923CBCF16C}") = "docker-compose", "docker-compose.dcproj", "{43CF28FC-0946-4FC6-B3C7-D74EB33E98D6}"
EndProject
Project("{9A19103F-16F7-4668-BE54-9A1E7A4F7556}") = "WebApi.Client", "src\WebApi.Client\WebApi.Client.csproj", "{D085F86F-9D66-423E-BED4-DC1C8BA56C17}"
EndProject
Project("{9A19103F-16F7-4668-BE54-9A1E7A4F7556}") = "WebApi.Client.UnitTests", "tests\WebApi.Client.UnitTests\WebApi.Client.UnitTests.csproj", "{B7FADF2F-C937-4553-BF8A-14242C5C7D6D}"
EndProject
Project("{FAE04EC0-301F-11D3-BF4B-00C04F79EFBC}") = "WebApp.IntegrationTests", "tests\WebApp.IntegrationTests\WebApp.IntegrationTests.csproj", "{51771A9B-11D7-4656-AB78-A9DD7DDDCD89}"
EndProject
Project("{FAE04EC0-301F-11D3-BF4B-00C04F79EFBC}") = "WebApp.AcceptanceTests", "tests\WebApp.AcceptanceTests\WebApp.AcceptanceTests.csproj", "{89A9436A-3ED4-4C3C-B72C-81F0130130AF}"
EndProject
Project("{FAE04EC0-301F-11D3-BF4B-00C04F79EFBC}") = "HealthCheck.Console", "src\HealthCheck.Console\HealthCheck.Console.csproj", "{3BCCA28E-D973-4A7D-BAA5-ED01F07E998D}"
EndProject
Global
	GlobalSection(SolutionConfigurationPlatforms) = preSolution
		Debug|Any CPU = Debug|Any CPU
		Release|Any CPU = Release|Any CPU
	EndGlobalSection
	GlobalSection(ProjectConfigurationPlatforms) = postSolution
		{5FB51CA2-0843-4253-9DB5-8F04087C064E}.Debug|Any CPU.ActiveCfg = Debug|Any CPU
		{5FB51CA2-0843-4253-9DB5-8F04087C064E}.Debug|Any CPU.Build.0 = Debug|Any CPU
		{5FB51CA2-0843-4253-9DB5-8F04087C064E}.Release|Any CPU.ActiveCfg = Release|Any CPU
		{5FB51CA2-0843-4253-9DB5-8F04087C064E}.Release|Any CPU.Build.0 = Release|Any CPU
		{4761BDB8-3DB1-4666-A00B-7066EF2FC139}.Debug|Any CPU.ActiveCfg = Debug|Any CPU
		{4761BDB8-3DB1-4666-A00B-7066EF2FC139}.Debug|Any CPU.Build.0 = Debug|Any CPU
		{4761BDB8-3DB1-4666-A00B-7066EF2FC139}.Release|Any CPU.ActiveCfg = Release|Any CPU
		{4761BDB8-3DB1-4666-A00B-7066EF2FC139}.Release|Any CPU.Build.0 = Release|Any CPU
		{43CF28FC-0946-4FC6-B3C7-D74EB33E98D6}.Debug|Any CPU.ActiveCfg = Debug|Any CPU
		{43CF28FC-0946-4FC6-B3C7-D74EB33E98D6}.Debug|Any CPU.Build.0 = Debug|Any CPU
		{43CF28FC-0946-4FC6-B3C7-D74EB33E98D6}.Release|Any CPU.ActiveCfg = Release|Any CPU
		{43CF28FC-0946-4FC6-B3C7-D74EB33E98D6}.Release|Any CPU.Build.0 = Release|Any CPU
		{D085F86F-9D66-423E-BED4-DC1C8BA56C17}.Debug|Any CPU.ActiveCfg = Debug|Any CPU
		{D085F86F-9D66-423E-BED4-DC1C8BA56C17}.Debug|Any CPU.Build.0 = Debug|Any CPU
		{D085F86F-9D66-423E-BED4-DC1C8BA56C17}.Release|Any CPU.ActiveCfg = Release|Any CPU
		{D085F86F-9D66-423E-BED4-DC1C8BA56C17}.Release|Any CPU.Build.0 = Release|Any CPU
		{B7FADF2F-C937-4553-BF8A-14242C5C7D6D}.Debug|Any CPU.ActiveCfg = Debug|Any CPU
		{B7FADF2F-C937-4553-BF8A-14242C5C7D6D}.Debug|Any CPU.Build.0 = Debug|Any CPU
		{B7FADF2F-C937-4553-BF8A-14242C5C7D6D}.Release|Any CPU.ActiveCfg = Release|Any CPU
		{B7FADF2F-C937-4553-BF8A-14242C5C7D6D}.Release|Any CPU.Build.0 = Release|Any CPU
		{51771A9B-11D7-4656-AB78-A9DD7DDDCD89}.Debug|Any CPU.ActiveCfg = Debug|Any CPU
		{51771A9B-11D7-4656-AB78-A9DD7DDDCD89}.Debug|Any CPU.Build.0 = Debug|Any CPU
		{51771A9B-11D7-4656-AB78-A9DD7DDDCD89}.Release|Any CPU.ActiveCfg = Release|Any CPU
		{51771A9B-11D7-4656-AB78-A9DD7DDDCD89}.Release|Any CPU.Build.0 = Release|Any CPU
		{89A9436A-3ED4-4C3C-B72C-81F0130130AF}.Debug|Any CPU.ActiveCfg = Debug|Any CPU
		{89A9436A-3ED4-4C3C-B72C-81F0130130AF}.Debug|Any CPU.Build.0 = Debug|Any CPU
		{89A9436A-3ED4-4C3C-B72C-81F0130130AF}.Release|Any CPU.ActiveCfg = Release|Any CPU
		{89A9436A-3ED4-4C3C-B72C-81F0130130AF}.Release|Any CPU.Build.0 = Release|Any CPU
		{3BCCA28E-D973-4A7D-BAA5-ED01F07E998D}.Debug|Any CPU.ActiveCfg = Debug|Any CPU
		{3BCCA28E-D973-4A7D-BAA5-ED01F07E998D}.Debug|Any CPU.Build.0 = Debug|Any CPU
		{3BCCA28E-D973-4A7D-BAA5-ED01F07E998D}.Release|Any CPU.ActiveCfg = Release|Any CPU
		{3BCCA28E-D973-4A7D-BAA5-ED01F07E998D}.Release|Any CPU.Build.0 = Release|Any CPU
	EndGlobalSection
	GlobalSection(SolutionProperties) = preSolution
		HideSolutionNode = FALSE
	EndGlobalSection
	GlobalSection(NestedProjects) = preSolution
		{5FB51CA2-0843-4253-9DB5-8F04087C064E} = {33771233-A049-4FD4-A072-EC156004B0D8}
		{4761BDB8-3DB1-4666-A00B-7066EF2FC139} = {33771233-A049-4FD4-A072-EC156004B0D8}
		{D085F86F-9D66-423E-BED4-DC1C8BA56C17} = {33771233-A049-4FD4-A072-EC156004B0D8}
		{B7FADF2F-C937-4553-BF8A-14242C5C7D6D} = {DEF10A57-6CA5-4542-9051-D8329CA4EF3D}
		{51771A9B-11D7-4656-AB78-A9DD7DDDCD89} = {DEF10A57-6CA5-4542-9051-D8329CA4EF3D}
		{89A9436A-3ED4-4C3C-B72C-81F0130130AF} = {DEF10A57-6CA5-4542-9051-D8329CA4EF3D}
		{3BCCA28E-D973-4A7D-BAA5-ED01F07E998D} = {33771233-A049-4FD4-A072-EC156004B0D8}
	EndGlobalSection
	GlobalSection(ExtensibilityGlobals) = postSolution
		SolutionGuid = {527440F6-142B-424C-9C23-11AD619F7DC3}
	EndGlobalSection
EndGlobal
