
Microsoft Visual Studio Solution File, Format Version 12.00
# Visual Studio Version 17
VisualStudioVersion = 17.0.31903.59
MinimumVisualStudioVersion = 10.0.40219.1
Project("{2150E333-8FDC-42A3-9474-1A3956D46DE8}") = "RootSolutionItems", "RootSolutionItems", "{E384AB65-E994-49EE-BC3B-C0AD80E9B31B}"
	ProjectSection(SolutionItems) = preProject
		..\..\Directory.Build.props = ..\..\Directory.Build.props
		..\..\Directory.Packages.props = ..\..\Directory.Packages.props
	EndProjectSection
EndProject
Project("{2150E333-8FDC-42A3-9474-1A3956D46DE8}") = "src", "src", "{EDC65997-5CB0-40F1-9B47-8BB0B8065F0D}"
EndProject
Project("{9A19103F-16F7-4668-BE54-9A1E7A4F7556}") = "HealthCheck.Console", "src\Console\HealthCheck.Console.csproj", "{376E22D3-DE3F-42F3-9744-3047E3548068}"
EndProject
Project("{2150E333-8FDC-42A3-9474-1A3956D46DE8}") = "tests", "tests", "{117BD675-3536-43D9-BCB0-28C8F3F54EAB}"
EndProject
Project("{9A19103F-16F7-4668-BE54-9A1E7A4F7556}") = "HealthCheck.TestingWebApp", "tests\TestingWebApp\HealthCheck.TestingWebApp.csproj", "{7B2CB6C4-F069-479F-BFA7-51E05DDF1489}"
EndProject
Project("{9A19103F-16F7-4668-BE54-9A1E7A4F7556}") = "HealthCheck.IntegrationTests", "tests\IntegrationTests\HealthCheck.IntegrationTests.csproj", "{B9D1193E-600E-4B22-82FB-3C3F381A9EE7}"
EndProject
Project("{E53339B2-1760-4266-BCC7-CA923CBCF16C}") = "docker-compose", "docker-compose.dcproj", "{36225BFC-5ECB-4F2F-B0AF-DC6EE6E4D501}"
EndProject
Global
	GlobalSection(SolutionConfigurationPlatforms) = preSolution
		Debug|Any CPU = Debug|Any CPU
		Release|Any CPU = Release|Any CPU
	EndGlobalSection
	GlobalSection(ProjectConfigurationPlatforms) = postSolution
		{376E22D3-DE3F-42F3-9744-3047E3548068}.Debug|Any CPU.ActiveCfg = Debug|Any CPU
		{376E22D3-DE3F-42F3-9744-3047E3548068}.Debug|Any CPU.Build.0 = Debug|Any CPU
		{376E22D3-DE3F-42F3-9744-3047E3548068}.Release|Any CPU.ActiveCfg = Release|Any CPU
		{376E22D3-DE3F-42F3-9744-3047E3548068}.Release|Any CPU.Build.0 = Release|Any CPU
		{7B2CB6C4-F069-479F-BFA7-51E05DDF1489}.Debug|Any CPU.ActiveCfg = Debug|Any CPU
		{7B2CB6C4-F069-479F-BFA7-51E05DDF1489}.Debug|Any CPU.Build.0 = Debug|Any CPU
		{7B2CB6C4-F069-479F-BFA7-51E05DDF1489}.Release|Any CPU.ActiveCfg = Release|Any CPU
		{7B2CB6C4-F069-479F-BFA7-51E05DDF1489}.Release|Any CPU.Build.0 = Release|Any CPU
		{B9D1193E-600E-4B22-82FB-3C3F381A9EE7}.Debug|Any CPU.ActiveCfg = Debug|Any CPU
		{B9D1193E-600E-4B22-82FB-3C3F381A9EE7}.Debug|Any CPU.Build.0 = Debug|Any CPU
		{B9D1193E-600E-4B22-82FB-3C3F381A9EE7}.Release|Any CPU.ActiveCfg = Release|Any CPU
		{B9D1193E-600E-4B22-82FB-3C3F381A9EE7}.Release|Any CPU.Build.0 = Release|Any CPU
		{36225BFC-5ECB-4F2F-B0AF-DC6EE6E4D501}.Debug|Any CPU.ActiveCfg = Debug|Any CPU
		{36225BFC-5ECB-4F2F-B0AF-DC6EE6E4D501}.Debug|Any CPU.Build.0 = Debug|Any CPU
		{36225BFC-5ECB-4F2F-B0AF-DC6EE6E4D501}.Release|Any CPU.ActiveCfg = Release|Any CPU
		{36225BFC-5ECB-4F2F-B0AF-DC6EE6E4D501}.Release|Any CPU.Build.0 = Release|Any CPU
	EndGlobalSection
	GlobalSection(SolutionProperties) = preSolution
		HideSolutionNode = FALSE
	EndGlobalSection
	GlobalSection(NestedProjects) = preSolution
		{376E22D3-DE3F-42F3-9744-3047E3548068} = {EDC65997-5CB0-40F1-9B47-8BB0B8065F0D}
		{7B2CB6C4-F069-479F-BFA7-51E05DDF1489} = {117BD675-3536-43D9-BCB0-28C8F3F54EAB}
		{B9D1193E-600E-4B22-82FB-3C3F381A9EE7} = {117BD675-3536-43D9-BCB0-28C8F3F54EAB}
	EndGlobalSection
	GlobalSection(ExtensibilityGlobals) = postSolution
		SolutionGuid = {4202E4F0-032D-4909-A7C2-2C40BBE3BDF3}
	EndGlobalSection
EndGlobal
